// !$*UTF8*$!
{
	archiveVersion = 1;
	classes = {
	};
	objectVersion = 46;
	objects = {

/* Begin PBXBuildFile section */
		DB919E4E1CAC507B0042B649 /* AppDelegate.swift in Sources */ = {isa = PBXBuildFile; fileRef = DB919E4D1CAC507B0042B649 /* AppDelegate.swift */; };
		DB919E501CAC507B0042B649 /* ViewController.swift in Sources */ = {isa = PBXBuildFile; fileRef = DB919E4F1CAC507B0042B649 /* ViewController.swift */; };
		DB919E521CAC507B0042B649 /* Assets.xcassets in Resources */ = {isa = PBXBuildFile; fileRef = DB919E511CAC507B0042B649 /* Assets.xcassets */; };
		DB919E551CAC507B0042B649 /* Main.storyboard in Resources */ = {isa = PBXBuildFile; fileRef = DB919E531CAC507B0042B649 /* Main.storyboard */; };
		DB919E5D1CAC509D0042B649 /* Shaders.metal in Sources */ = {isa = PBXBuildFile; fileRef = DB919E5C1CAC509D0042B649 /* Shaders.metal */; };
		DB919E601CAC50BB0042B649 /* MetalViewController.swift in Sources */ = {isa = PBXBuildFile; fileRef = DB919E5E1CAC50BB0042B649 /* MetalViewController.swift */; };
/* End PBXBuildFile section */

/* Begin PBXFileReference section */
		DB919E4A1CAC507B0042B649 /* MetalOSXTesting.app */ = {isa = PBXFileReference; explicitFileType = wrapper.application; includeInIndex = 0; path = MetalOSXTesting.app; sourceTree = BUILT_PRODUCTS_DIR; };
		DB919E4D1CAC507B0042B649 /* AppDelegate.swift */ = {isa = PBXFileReference; lastKnownFileType = sourcecode.swift; path = AppDelegate.swift; sourceTree = "<group>"; };
		DB919E4F1CAC507B0042B649 /* ViewController.swift */ = {isa = PBXFileReference; lastKnownFileType = sourcecode.swift; path = ViewController.swift; sourceTree = "<group>"; };
		DB919E511CAC507B0042B649 /* Assets.xcassets */ = {isa = PBXFileReference; lastKnownFileType = folder.assetcatalog; path = Assets.xcassets; sourceTree = "<group>"; };
		DB919E541CAC507B0042B649 /* Base */ = {isa = PBXFileReference; lastKnownFileType = file.storyboard; name = Base; path = Base.lproj/Main.storyboard; sourceTree = "<group>"; };
		DB919E561CAC507B0042B649 /* Info.plist */ = {isa = PBXFileReference; lastKnownFileType = text.plist.xml; path = Info.plist; sourceTree = "<group>"; };
		DB919E5C1CAC509D0042B649 /* Shaders.metal */ = {isa = PBXFileReference; fileEncoding = 4; lastKnownFileType = sourcecode.metal; name = Shaders.metal; path = ../Shaders.metal; sourceTree = "<group>"; };
		DB919E5E1CAC50BB0042B649 /* MetalViewController.swift */ = {isa = PBXFileReference; fileEncoding = 4; lastKnownFileType = sourcecode.swift; path = MetalViewController.swift; sourceTree = "<group>"; };
/* End PBXFileReference section */

/* Begin PBXFrameworksBuildPhase section */
		DB919E471CAC507B0042B649 /* Frameworks */ = {
			isa = PBXFrameworksBuildPhase;
			buildActionMask = 2147483647;
			files = (
			);
			runOnlyForDeploymentPostprocessing = 0;
		};
/* End PBXFrameworksBuildPhase section */

/* Begin PBXGroup section */
		DB919E411CAC507B0042B649 = {
			isa = PBXGroup;
			children = (
				DB919E4C1CAC507B0042B649 /* MetalOSXTesting */,
				DB919E4B1CAC507B0042B649 /* Products */,
			);
			sourceTree = "<group>";
		};
		DB919E4B1CAC507B0042B649 /* Products */ = {
			isa = PBXGroup;
			children = (
				DB919E4A1CAC507B0042B649 /* MetalOSXTesting.app */,
			);
			name = Products;
			sourceTree = "<group>";
		};
		DB919E4C1CAC507B0042B649 /* MetalOSXTesting */ = {
			isa = PBXGroup;
			children = (
				DB919E4D1CAC507B0042B649 /* AppDelegate.swift */,
				DB919E4F1CAC507B0042B649 /* ViewController.swift */,
				DB919E5E1CAC50BB0042B649 /* MetalViewController.swift */,
				DB919E511CAC507B0042B649 /* Assets.xcassets */,
				DB919E531CAC507B0042B649 /* Main.storyboard */,
				DB919E5C1CAC509D0042B649 /* Shaders.metal */,
				DB919E561CAC507B0042B649 /* Info.plist */,
			);
			path = MetalOSXTesting;
			sourceTree = "<group>";
		};
/* End PBXGroup section */

/* Begin PBXNativeTarget section */
		DB919E491CAC507B0042B649 /* MetalOSXTesting */ = {
			isa = PBXNativeTarget;
			buildConfigurationList = DB919E591CAC507B0042B649 /* Build configuration list for PBXNativeTarget "MetalOSXTesting" */;
			buildPhases = (
				DB919E461CAC507B0042B649 /* Sources */,
				DB919E471CAC507B0042B649 /* Frameworks */,
				DB919E481CAC507B0042B649 /* Resources */,
			);
			buildRules = (
			);
			dependencies = (
			);
			name = MetalOSXTesting;
			productName = MetalOSXTesting;
			productReference = DB919E4A1CAC507B0042B649 /* MetalOSXTesting.app */;
			productType = "com.apple.product-type.application";
		};
/* End PBXNativeTarget section */

/* Begin PBXProject section */
		DB919E421CAC507B0042B649 /* Project object */ = {
			isa = PBXProject;
			attributes = {
				LastSwiftUpdateCheck = 0730;
				LastUpgradeCheck = 0730;
				ORGANIZATIONNAME = frsoares;
				TargetAttributes = {
					DB919E491CAC507B0042B649 = {
						CreatedOnToolsVersion = 7.3;
					};
				};
			};
			buildConfigurationList = DB919E451CAC507B0042B649 /* Build configuration list for PBXProject "MetalOSXTesting" */;
			compatibilityVersion = "Xcode 3.2";
			developmentRegion = English;
			hasScannedForEncodings = 0;
			knownRegions = (
				en,
				Base,
			);
			mainGroup = DB919E411CAC507B0042B649;
			productRefGroup = DB919E4B1CAC507B0042B649 /* Products */;
			projectDirPath = "";
			projectRoot = "";
			targets = (
				DB919E491CAC507B0042B649 /* MetalOSXTesting */,
			);
		};
/* End PBXProject section */

/* Begin PBXResourcesBuildPhase section */
		DB919E481CAC507B0042B649 /* Resources */ = {
			isa = PBXResourcesBuildPhase;
			buildActionMask = 2147483647;
			files = (
				DB919E521CAC507B0042B649 /* Assets.xcassets in Resources */,
				DB919E551CAC507B0042B649 /* Main.storyboard in Resources */,
			);
			runOnlyForDeploymentPostprocessing = 0;
		};
/* End PBXResourcesBuildPhase section */

/* Begin PBXSourcesBuildPhase section */
		DB919E461CAC507B0042B649 /* Sources */ = {
			isa = PBXSourcesBuildPhase;
			buildActionMask = 2147483647;
			files = (
				DB919E5D1CAC509D0042B649 /* Shaders.metal in Sources */,
				DB919E501CAC507B0042B649 /* ViewController.swift in Sources */,
				DB919E601CAC50BB0042B649 /* MetalViewController.swift in Sources */,
				DB919E4E1CAC507B0042B649 /* AppDelegate.swift in Sources */,
			);
			runOnlyForDeploymentPostprocessing = 0;
		};
/* End PBXSourcesBuildPhase section */

/* Begin PBXVariantGroup section */
		DB919E531CAC507B0042B649 /* Main.storyboard */ = {
			isa = PBXVariantGroup;
			children = (
				DB919E541CAC507B0042B649 /* Base */,
			);
			name = Main.storyboard;
			sourceTree = "<group>";
		};
/* End PBXVariantGroup section */

/* Begin XCBuildConfiguration section */
		DB919E571CAC507B0042B649 /* Debug */ = {
			isa = XCBuildConfiguration;
			buildSettings = {
				ALWAYS_SEARCH_USER_PATHS = NO;
				CLANG_ANALYZER_NONNULL = YES;
				CLANG_CXX_LANGUAGE_STANDARD = "gnu++0x";
				CLANG_CXX_LIBRARY = "libc++";
				CLANG_ENABLE_MODULES = YES;
				CLANG_ENABLE_OBJC_ARC = YES;
				CLANG_WARN_BOOL_CONVERSION = YES;
				CLANG_WARN_CONSTANT_CONVERSION = YES;
				CLANG_WARN_DIRECT_OBJC_ISA_USAGE = YES_ERROR;
				CLANG_WARN_EMPTY_BODY = YES;
				CLANG_WARN_ENUM_CONVERSION = YES;
				CLANG_WARN_INT_CONVERSION = YES;
				CLANG_WARN_OBJC_ROOT_CLASS = YES_ERROR;
				CLANG_WARN_UNREACHABLE_CODE = YES;
				CLANG_WARN__DUPLICATE_METHOD_MATCH = YES;
				CODE_SIGN_IDENTITY = "-";
				COPY_PHASE_STRIP = NO;
				DEBUG_INFORMATION_FORMAT = dwarf;
				ENABLE_STRICT_OBJC_MSGSEND = YES;
				ENABLE_TESTABILITY = YES;
				GCC_C_LANGUAGE_STANDARD = gnu99;
				GCC_DYNAMIC_NO_PIC = NO;
				GCC_NO_COMMON_BLOCKS = YES;
				GCC_OPTIMIZATION_LEVEL = 0;
				GCC_PREPROCESSOR_DEFINITIONS = (
					"DEBUG=1",
					"$(inherited)",
				);
				GCC_WARN_64_TO_32_BIT_CONVERSION = YES;
				GCC_WARN_ABOUT_RETURN_TYPE = YES_ERROR;
				GCC_WARN_UNDECLARED_SELECTOR = YES;
				GCC_WARN_UNINITIALIZED_AUTOS = YES_AGGRESSIVE;
				GCC_WARN_UNUSED_FUNCTION = YES;
				GCC_WARN_UNUSED_VARIABLE = YES;
				MACOSX_DEPLOYMENT_TARGET = 10.11;
				MTL_ENABLE_DEBUG_INFO = YES;
				ONLY_ACTIVE_ARCH = YES;
				SDKROOT = macosx;
				SWIFT_OPTIMIZATION_LEVEL = "-Onone";
			};
			name = Debug;
		};
		DB919E581CAC507B0042B649 /* Release */ = {
			isa = XCBuildConfiguration;
			buildSettings = {
				ALWAYS_SEARCH_USER_PATHS = NO;
				CLANG_ANALYZER_NONNULL = YES;
				CLANG_CXX_LANGUAGE_STANDARD = "gnu++0x";
				CLANG_CXX_LIBRARY = "libc++";
				CLANG_ENABLE_MODULES = YES;
				CLANG_ENABLE_OBJC_ARC = YES;
				CLANG_WARN_BOOL_CONVERSION = YES;
				CLANG_WARN_CONSTANT_CONVERSION = YES;
				CLANG_WARN_DIRECT_OBJC_ISA_USAGE = YES_ERROR;
				CLANG_WARN_EMPTY_BODY = YES;
				CLANG_WARN_ENUM_CONVERSION = YES;
				CLANG_WARN_INT_CONVERSION = YES;
				CLANG_WARN_OBJC_ROOT_CLASS = YES_ERROR;
				CLANG_WARN_UNREACHABLE_CODE = YES;
				CLANG_WARN__DUPLICATE_METHOD_MATCH = YES;
				CODE_SIGN_IDENTITY = "-";
				COPY_PHASE_STRIP = NO;
				DEBUG_INFORMATION_FORMAT = "dwarf-with-dsym";
				ENABLE_NS_ASSERTIONS = NO;
				ENABLE_STRICT_OBJC_MSGSEND = YES;
				GCC_C_LANGUAGE_STANDARD = gnu99;
				GCC_NO_COMMON_BLOCKS = YES;
				GCC_WARN_64_TO_32_BIT_CONVERSION = YES;
				GCC_WARN_ABOUT_RETURN_TYPE = YES_ERROR;
				GCC_WARN_UNDECLARED_SELECTOR = YES;
				GCC_WARN_UNINITIALIZED_AUTOS = YES_AGGRESSIVE;
				GCC_WARN_UNUSED_FUNCTION = YES;
				GCC_WARN_UNUSED_VARIABLE = YES;
				MACOSX_DEPLOYMENT_TARGET = 10.11;
				MTL_ENABLE_DEBUG_INFO = NO;
				SDKROOT = macosx;
			};
			name = Release;
		};
		DB919E5A1CAC507B0042B649 /* Debug */ = {
			isa = XCBuildConfiguration;
			buildSettings = {
				ASSETCATALOG_COMPILER_APPICON_NAME = AppIcon;
				COMBINE_HIDPI_IMAGES = YES;
				INFOPLIST_FILE = MetalOSXTesting/Info.plist;
				LD_RUNPATH_SEARCH_PATHS = "$(inherited) @executable_path/../Frameworks";
				PRODUCT_BUNDLE_IDENTIFIER = br.ufpe.cin.fmssn.MetalOSXTesting;
				PRODUCT_NAME = "$(TARGET_NAME)";
			};
			name = Debug;
		};
		DB919E5B1CAC507B0042B649 /* Release */ = {
			isa = XCBuildConfiguration;
			buildSettings = {
				ASSETCATALOG_COMPILER_APPICON_NAME = AppIcon;
				COMBINE_HIDPI_IMAGES = YES;
				INFOPLIST_FILE = MetalOSXTesting/Info.plist;
				LD_RUNPATH_SEARCH_PATHS = "$(inherited) @executable_path/../Frameworks";
				PRODUCT_BUNDLE_IDENTIFIER = br.ufpe.cin.fmssn.MetalOSXTesting;
				PRODUCT_NAME = "$(TARGET_NAME)";
			};
			name = Release;
		};
/* End XCBuildConfiguration section */

/* Begin XCConfigurationList section */
		DB919E451CAC507B0042B649 /* Build configuration list for PBXProject "MetalOSXTesting" */ = {
			isa = XCConfigurationList;
			buildConfigurations = (
				DB919E571CAC507B0042B649 /* Debug */,
				DB919E581CAC507B0042B649 /* Release */,
			);
			defaultConfigurationIsVisible = 0;
			defaultConfigurationName = Release;
		};
		DB919E591CAC507B0042B649 /* Build configuration list for PBXNativeTarget "MetalOSXTesting" */ = {
			isa = XCConfigurationList;
			buildConfigurations = (
				DB919E5A1CAC507B0042B649 /* Debug */,
				DB919E5B1CAC507B0042B649 /* Release */,
			);
			defaultConfigurationIsVisible = 0;
		};
/* End XCConfigurationList section */
	};
	rootObject = DB919E421CAC507B0042B649 /* Project object */;
}
